
Microsoft Visual Studio Solution File, Format Version 12.00
# Visual Studio Version 17
VisualStudioVersion = 17.0.31903.59
MinimumVisualStudioVersion = 10.0.40219.1
Project("{9A19103F-16F7-4668-BE54-9A1E7A4F7556}") = "TKFY22-step2-mtapp-cosmos", "TKFY22-step2-mtapp-cosmos\TKFY22-step2-mtapp-cosmos.csproj", "{6E5EC2CE-FB24-4811-A129-4AA4EC2B43F7}"
EndProject
Global
	GlobalSection(SolutionConfigurationPlatforms) = preSolution
		Debug|Any CPU = Debug|Any CPU
		Release|Any CPU = Release|Any CPU
	EndGlobalSection
	GlobalSection(ProjectConfigurationPlatforms) = postSolution
		{6E5EC2CE-FB24-4811-A129-4AA4EC2B43F7}.Debug|Any CPU.ActiveCfg = Debug|Any CPU
		{6E5EC2CE-FB24-4811-A129-4AA4EC2B43F7}.Debug|Any CPU.Build.0 = Debug|Any CPU
		{6E5EC2CE-FB24-4811-A129-4AA4EC2B43F7}.Release|Any CPU.ActiveCfg = Release|Any CPU
		{6E5EC2CE-FB24-4811-A129-4AA4EC2B43F7}.Release|Any CPU.Build.0 = Release|Any CPU
	EndGlobalSection
	GlobalSection(SolutionProperties) = preSolution
		HideSolutionNode = FALSE
	EndGlobalSection
	GlobalSection(ExtensibilityGlobals) = postSolution
		SolutionGuid = {B3553391-E6AC-4BB2-B5B3-F22F1B7B102F}
	EndGlobalSection
EndGlobal
